
Microsoft Visual Studio Solution File, Format Version 12.00
# Visual Studio 2013
VisualStudioVersion = 12.0.30110.0
MinimumVisualStudioVersion = 10.0.40219.1
Project("{8BC9CEB8-8B4A-11D0-8D11-00A0C91BC942}") = "Algorithm", "Algorithm\Algorithm.vcxproj", "{F0733E15-5570-4F83-8E56-E6A4BF1EC4D8}"
EndProject
Project("{8BC9CEB8-8B4A-11D0-8D11-00A0C91BC942}") = "StringToInt", "..\StringToInt\StringToInt.vcxproj", "{797C558A-9EFB-42EC-9CBF-5579DBDF387C}"
EndProject
Project("{8BC9CEB8-8B4A-11D0-8D11-00A0C91BC942}") = "FindKNodeToTail", "..\FindKNodeToTail\FindKNodeToTail.vcxproj", "{E2EE27E4-CFF1-4037-B080-6A58A8EA7F06}"
EndProject
Project("{8BC9CEB8-8B4A-11D0-8D11-00A0C91BC942}") = "CopyConsructor", "..\CopyConsructor\CopyConsructor.vcxproj", "{9F446E31-6E48-4DA9-AC83-596623E8AE16}"
EndProject
Project("{8BC9CEB8-8B4A-11D0-8D11-00A0C91BC942}") = "01CMyString", "..\01CMyString\01CMyString.vcxproj", "{D9A01825-7C13-4626-8834-6293AFA370D8}"
EndProject
Project("{FAE04EC0-301F-11D3-BF4B-00C04F79EFBC}") = "StaticConstructor", "..\StaticConstructor\StaticConstructor.csproj", "{297B84F7-DB12-495B-A6F3-08A77EAB5A58}"
EndProject
Project("{8BC9CEB8-8B4A-11D0-8D11-00A0C91BC942}") = "CoreTest_ByLance", "..\CoreTest\CoreTest.vcxproj", "{C543E4E8-101A-4A1C-99E9-870236A3A52B}"
EndProject
Project("{8BC9CEB8-8B4A-11D0-8D11-00A0C91BC942}") = "ArraySize", "..\ArraySize\ArraySize.vcxproj", "{4FBA248E-4616-4E78-8BBF-981F7B52FAE9}"
EndProject
Project("{8BC9CEB8-8B4A-11D0-8D11-00A0C91BC942}") = "TempCPP", "..\TempCPP\TempCPP.vcxproj", "{F7E8DF4F-979F-466C-BF80-9608AD775DA5}"
EndProject
Project("{8BC9CEB8-8B4A-11D0-8D11-00A0C91BC942}") = "02FindInMatrix", "..\02FindInMartix\02FindInMartix.vcxproj", "{F5B86766-4A65-4B04-893B-E7046081F57A}"
EndProject
Project("{8BC9CEB8-8B4A-11D0-8D11-00A0C91BC942}") = "04ReplaceBlank", "..\04ReplaceBlank\04ReplaceBlank.vcxproj", "{7EDAC500-030B-4593-A372-C6448EE6CEEE}"
EndProject
Project("{8BC9CEB8-8B4A-11D0-8D11-00A0C91BC942}") = "Utilities", "..\Utilities\Utilities.vcxproj", "{36BEB3EB-FB7A-46FE-8705-04ED3FD57E72}"
EndProject
Project("{8BC9CEB8-8B4A-11D0-8D11-00A0C91BC942}") = "05PrintListInReversedOrder.cc", "..\05PrintListInReversedOrder.cc\05PrintListInReversedOrder.cc.vcxproj", "{C627FE37-B744-49D3-819E-0728558B6248}"
EndProject
Project("{2150E333-8FDC-42A3-9474-1A3956D46DE8}") = "OtherProgram", "OtherProgram", "{742F13C3-08C5-4D93-B9A7-092FC479AAFA}"
EndProject
Project("{8BC9CEB8-8B4A-11D0-8D11-00A0C91BC942}") = "06ConstructBinaryTree.cc", "..\06ConstructBinaryTree.cc\06ConstructBinaryTree.cc.vcxproj", "{A33599AE-B5B7-4805-980F-D15C8CD2C905}"
EndProject
Global
	GlobalSection(SolutionConfigurationPlatforms) = preSolution
		Debug|Any CPU = Debug|Any CPU
		Debug|Mixed Platforms = Debug|Mixed Platforms
		Debug|Win32 = Debug|Win32
		Release|Any CPU = Release|Any CPU
		Release|Mixed Platforms = Release|Mixed Platforms
		Release|Win32 = Release|Win32
	EndGlobalSection
	GlobalSection(ProjectConfigurationPlatforms) = postSolution
		{F0733E15-5570-4F83-8E56-E6A4BF1EC4D8}.Debug|Any CPU.ActiveCfg = Debug|Win32
		{F0733E15-5570-4F83-8E56-E6A4BF1EC4D8}.Debug|Mixed Platforms.ActiveCfg = Debug|Win32
		{F0733E15-5570-4F83-8E56-E6A4BF1EC4D8}.Debug|Mixed Platforms.Build.0 = Debug|Win32
		{F0733E15-5570-4F83-8E56-E6A4BF1EC4D8}.Debug|Win32.ActiveCfg = Debug|Win32
		{F0733E15-5570-4F83-8E56-E6A4BF1EC4D8}.Debug|Win32.Build.0 = Debug|Win32
		{F0733E15-5570-4F83-8E56-E6A4BF1EC4D8}.Release|Any CPU.ActiveCfg = Release|Win32
		{F0733E15-5570-4F83-8E56-E6A4BF1EC4D8}.Release|Mixed Platforms.ActiveCfg = Release|Win32
		{F0733E15-5570-4F83-8E56-E6A4BF1EC4D8}.Release|Mixed Platforms.Build.0 = Release|Win32
		{F0733E15-5570-4F83-8E56-E6A4BF1EC4D8}.Release|Win32.ActiveCfg = Release|Win32
		{F0733E15-5570-4F83-8E56-E6A4BF1EC4D8}.Release|Win32.Build.0 = Release|Win32
		{797C558A-9EFB-42EC-9CBF-5579DBDF387C}.Debug|Any CPU.ActiveCfg = Debug|Win32
		{797C558A-9EFB-42EC-9CBF-5579DBDF387C}.Debug|Mixed Platforms.ActiveCfg = Debug|Win32
		{797C558A-9EFB-42EC-9CBF-5579DBDF387C}.Debug|Mixed Platforms.Build.0 = Debug|Win32
		{797C558A-9EFB-42EC-9CBF-5579DBDF387C}.Debug|Win32.ActiveCfg = Debug|Win32
		{797C558A-9EFB-42EC-9CBF-5579DBDF387C}.Debug|Win32.Build.0 = Debug|Win32
		{797C558A-9EFB-42EC-9CBF-5579DBDF387C}.Release|Any CPU.ActiveCfg = Release|Win32
		{797C558A-9EFB-42EC-9CBF-5579DBDF387C}.Release|Mixed Platforms.ActiveCfg = Release|Win32
		{797C558A-9EFB-42EC-9CBF-5579DBDF387C}.Release|Mixed Platforms.Build.0 = Release|Win32
		{797C558A-9EFB-42EC-9CBF-5579DBDF387C}.Release|Win32.ActiveCfg = Release|Win32
		{797C558A-9EFB-42EC-9CBF-5579DBDF387C}.Release|Win32.Build.0 = Release|Win32
		{E2EE27E4-CFF1-4037-B080-6A58A8EA7F06}.Debug|Any CPU.ActiveCfg = Debug|Win32
		{E2EE27E4-CFF1-4037-B080-6A58A8EA7F06}.Debug|Mixed Platforms.ActiveCfg = Debug|Win32
		{E2EE27E4-CFF1-4037-B080-6A58A8EA7F06}.Debug|Mixed Platforms.Build.0 = Debug|Win32
		{E2EE27E4-CFF1-4037-B080-6A58A8EA7F06}.Debug|Win32.ActiveCfg = Debug|Win32
		{E2EE27E4-CFF1-4037-B080-6A58A8EA7F06}.Debug|Win32.Build.0 = Debug|Win32
		{E2EE27E4-CFF1-4037-B080-6A58A8EA7F06}.Release|Any CPU.ActiveCfg = Release|Win32
		{E2EE27E4-CFF1-4037-B080-6A58A8EA7F06}.Release|Mixed Platforms.ActiveCfg = Release|Win32
		{E2EE27E4-CFF1-4037-B080-6A58A8EA7F06}.Release|Mixed Platforms.Build.0 = Release|Win32
		{E2EE27E4-CFF1-4037-B080-6A58A8EA7F06}.Release|Win32.ActiveCfg = Release|Win32
		{E2EE27E4-CFF1-4037-B080-6A58A8EA7F06}.Release|Win32.Build.0 = Release|Win32
		{9F446E31-6E48-4DA9-AC83-596623E8AE16}.Debug|Any CPU.ActiveCfg = Debug|Win32
		{9F446E31-6E48-4DA9-AC83-596623E8AE16}.Debug|Mixed Platforms.ActiveCfg = Debug|Win32
		{9F446E31-6E48-4DA9-AC83-596623E8AE16}.Debug|Mixed Platforms.Build.0 = Debug|Win32
		{9F446E31-6E48-4DA9-AC83-596623E8AE16}.Debug|Win32.ActiveCfg = Debug|Win32
		{9F446E31-6E48-4DA9-AC83-596623E8AE16}.Debug|Win32.Build.0 = Debug|Win32
		{9F446E31-6E48-4DA9-AC83-596623E8AE16}.Release|Any CPU.ActiveCfg = Release|Win32
		{9F446E31-6E48-4DA9-AC83-596623E8AE16}.Release|Mixed Platforms.ActiveCfg = Release|Win32
		{9F446E31-6E48-4DA9-AC83-596623E8AE16}.Release|Mixed Platforms.Build.0 = Release|Win32
		{9F446E31-6E48-4DA9-AC83-596623E8AE16}.Release|Win32.ActiveCfg = Release|Win32
		{9F446E31-6E48-4DA9-AC83-596623E8AE16}.Release|Win32.Build.0 = Release|Win32
		{D9A01825-7C13-4626-8834-6293AFA370D8}.Debug|Any CPU.ActiveCfg = Debug|Win32
		{D9A01825-7C13-4626-8834-6293AFA370D8}.Debug|Mixed Platforms.ActiveCfg = Debug|Win32
		{D9A01825-7C13-4626-8834-6293AFA370D8}.Debug|Mixed Platforms.Build.0 = Debug|Win32
		{D9A01825-7C13-4626-8834-6293AFA370D8}.Debug|Win32.ActiveCfg = Debug|Win32
		{D9A01825-7C13-4626-8834-6293AFA370D8}.Debug|Win32.Build.0 = Debug|Win32
		{D9A01825-7C13-4626-8834-6293AFA370D8}.Release|Any CPU.ActiveCfg = Release|Win32
		{D9A01825-7C13-4626-8834-6293AFA370D8}.Release|Mixed Platforms.ActiveCfg = Release|Win32
		{D9A01825-7C13-4626-8834-6293AFA370D8}.Release|Mixed Platforms.Build.0 = Release|Win32
		{D9A01825-7C13-4626-8834-6293AFA370D8}.Release|Win32.ActiveCfg = Release|Win32
		{D9A01825-7C13-4626-8834-6293AFA370D8}.Release|Win32.Build.0 = Release|Win32
		{297B84F7-DB12-495B-A6F3-08A77EAB5A58}.Debug|Any CPU.ActiveCfg = Debug|Any CPU
		{297B84F7-DB12-495B-A6F3-08A77EAB5A58}.Debug|Any CPU.Build.0 = Debug|Any CPU
		{297B84F7-DB12-495B-A6F3-08A77EAB5A58}.Debug|Mixed Platforms.ActiveCfg = Debug|Any CPU
		{297B84F7-DB12-495B-A6F3-08A77EAB5A58}.Debug|Mixed Platforms.Build.0 = Debug|Any CPU
		{297B84F7-DB12-495B-A6F3-08A77EAB5A58}.Debug|Win32.ActiveCfg = Debug|Any CPU
		{297B84F7-DB12-495B-A6F3-08A77EAB5A58}.Release|Any CPU.ActiveCfg = Release|Any CPU
		{297B84F7-DB12-495B-A6F3-08A77EAB5A58}.Release|Any CPU.Build.0 = Release|Any CPU
		{297B84F7-DB12-495B-A6F3-08A77EAB5A58}.Release|Mixed Platforms.ActiveCfg = Release|Any CPU
		{297B84F7-DB12-495B-A6F3-08A77EAB5A58}.Release|Mixed Platforms.Build.0 = Release|Any CPU
		{297B84F7-DB12-495B-A6F3-08A77EAB5A58}.Release|Win32.ActiveCfg = Release|Any CPU
		{C543E4E8-101A-4A1C-99E9-870236A3A52B}.Debug|Any CPU.ActiveCfg = Debug|Win32
		{C543E4E8-101A-4A1C-99E9-870236A3A52B}.Debug|Mixed Platforms.ActiveCfg = Debug|Win32
		{C543E4E8-101A-4A1C-99E9-870236A3A52B}.Debug|Mixed Platforms.Build.0 = Debug|Win32
		{C543E4E8-101A-4A1C-99E9-870236A3A52B}.Debug|Win32.ActiveCfg = Debug|Win32
		{C543E4E8-101A-4A1C-99E9-870236A3A52B}.Debug|Win32.Build.0 = Debug|Win32
		{C543E4E8-101A-4A1C-99E9-870236A3A52B}.Release|Any CPU.ActiveCfg = Release|Win32
		{C543E4E8-101A-4A1C-99E9-870236A3A52B}.Release|Mixed Platforms.ActiveCfg = Release|Win32
		{C543E4E8-101A-4A1C-99E9-870236A3A52B}.Release|Mixed Platforms.Build.0 = Release|Win32
		{C543E4E8-101A-4A1C-99E9-870236A3A52B}.Release|Win32.ActiveCfg = Release|Win32
		{C543E4E8-101A-4A1C-99E9-870236A3A52B}.Release|Win32.Build.0 = Release|Win32
		{4FBA248E-4616-4E78-8BBF-981F7B52FAE9}.Debug|Any CPU.ActiveCfg = Debug|Win32
		{4FBA248E-4616-4E78-8BBF-981F7B52FAE9}.Debug|Mixed Platforms.ActiveCfg = Debug|Win32
		{4FBA248E-4616-4E78-8BBF-981F7B52FAE9}.Debug|Mixed Platforms.Build.0 = Debug|Win32
		{4FBA248E-4616-4E78-8BBF-981F7B52FAE9}.Debug|Win32.ActiveCfg = Debug|Win32
		{4FBA248E-4616-4E78-8BBF-981F7B52FAE9}.Debug|Win32.Build.0 = Debug|Win32
		{4FBA248E-4616-4E78-8BBF-981F7B52FAE9}.Release|Any CPU.ActiveCfg = Release|Win32
		{4FBA248E-4616-4E78-8BBF-981F7B52FAE9}.Release|Mixed Platforms.ActiveCfg = Release|Win32
		{4FBA248E-4616-4E78-8BBF-981F7B52FAE9}.Release|Mixed Platforms.Build.0 = Release|Win32
		{4FBA248E-4616-4E78-8BBF-981F7B52FAE9}.Release|Win32.ActiveCfg = Release|Win32
		{4FBA248E-4616-4E78-8BBF-981F7B52FAE9}.Release|Win32.Build.0 = Release|Win32
		{F7E8DF4F-979F-466C-BF80-9608AD775DA5}.Debug|Any CPU.ActiveCfg = Debug|Win32
		{F7E8DF4F-979F-466C-BF80-9608AD775DA5}.Debug|Mixed Platforms.ActiveCfg = Debug|Win32
		{F7E8DF4F-979F-466C-BF80-9608AD775DA5}.Debug|Mixed Platforms.Build.0 = Debug|Win32
		{F7E8DF4F-979F-466C-BF80-9608AD775DA5}.Debug|Win32.ActiveCfg = Debug|Win32
		{F7E8DF4F-979F-466C-BF80-9608AD775DA5}.Debug|Win32.Build.0 = Debug|Win32
		{F7E8DF4F-979F-466C-BF80-9608AD775DA5}.Release|Any CPU.ActiveCfg = Release|Win32
		{F7E8DF4F-979F-466C-BF80-9608AD775DA5}.Release|Mixed Platforms.ActiveCfg = Release|Win32
		{F7E8DF4F-979F-466C-BF80-9608AD775DA5}.Release|Mixed Platforms.Build.0 = Release|Win32
		{F7E8DF4F-979F-466C-BF80-9608AD775DA5}.Release|Win32.ActiveCfg = Release|Win32
		{F7E8DF4F-979F-466C-BF80-9608AD775DA5}.Release|Win32.Build.0 = Release|Win32
		{F5B86766-4A65-4B04-893B-E7046081F57A}.Debug|Any CPU.ActiveCfg = Debug|Win32
		{F5B86766-4A65-4B04-893B-E7046081F57A}.Debug|Mixed Platforms.ActiveCfg = Debug|Win32
		{F5B86766-4A65-4B04-893B-E7046081F57A}.Debug|Mixed Platforms.Build.0 = Debug|Win32
		{F5B86766-4A65-4B04-893B-E7046081F57A}.Debug|Win32.ActiveCfg = Debug|Win32
		{F5B86766-4A65-4B04-893B-E7046081F57A}.Debug|Win32.Build.0 = Debug|Win32
		{F5B86766-4A65-4B04-893B-E7046081F57A}.Release|Any CPU.ActiveCfg = Release|Win32
		{F5B86766-4A65-4B04-893B-E7046081F57A}.Release|Mixed Platforms.ActiveCfg = Release|Win32
		{F5B86766-4A65-4B04-893B-E7046081F57A}.Release|Mixed Platforms.Build.0 = Release|Win32
		{F5B86766-4A65-4B04-893B-E7046081F57A}.Release|Win32.ActiveCfg = Release|Win32
		{F5B86766-4A65-4B04-893B-E7046081F57A}.Release|Win32.Build.0 = Release|Win32
		{7EDAC500-030B-4593-A372-C6448EE6CEEE}.Debug|Any CPU.ActiveCfg = Debug|Win32
		{7EDAC500-030B-4593-A372-C6448EE6CEEE}.Debug|Mixed Platforms.ActiveCfg = Debug|Win32
		{7EDAC500-030B-4593-A372-C6448EE6CEEE}.Debug|Mixed Platforms.Build.0 = Debug|Win32
		{7EDAC500-030B-4593-A372-C6448EE6CEEE}.Debug|Win32.ActiveCfg = Debug|Win32
		{7EDAC500-030B-4593-A372-C6448EE6CEEE}.Debug|Win32.Build.0 = Debug|Win32
		{7EDAC500-030B-4593-A372-C6448EE6CEEE}.Release|Any CPU.ActiveCfg = Release|Win32
		{7EDAC500-030B-4593-A372-C6448EE6CEEE}.Release|Mixed Platforms.ActiveCfg = Release|Win32
		{7EDAC500-030B-4593-A372-C6448EE6CEEE}.Release|Mixed Platforms.Build.0 = Release|Win32
		{7EDAC500-030B-4593-A372-C6448EE6CEEE}.Release|Win32.ActiveCfg = Release|Win32
		{7EDAC500-030B-4593-A372-C6448EE6CEEE}.Release|Win32.Build.0 = Release|Win32
		{36BEB3EB-FB7A-46FE-8705-04ED3FD57E72}.Debug|Any CPU.ActiveCfg = Debug|Win32
		{36BEB3EB-FB7A-46FE-8705-04ED3FD57E72}.Debug|Mixed Platforms.ActiveCfg = Debug|Win32
		{36BEB3EB-FB7A-46FE-8705-04ED3FD57E72}.Debug|Mixed Platforms.Build.0 = Debug|Win32
		{36BEB3EB-FB7A-46FE-8705-04ED3FD57E72}.Debug|Win32.ActiveCfg = Debug|Win32
		{36BEB3EB-FB7A-46FE-8705-04ED3FD57E72}.Debug|Win32.Build.0 = Debug|Win32
		{36BEB3EB-FB7A-46FE-8705-04ED3FD57E72}.Release|Any CPU.ActiveCfg = Release|Win32
		{36BEB3EB-FB7A-46FE-8705-04ED3FD57E72}.Release|Mixed Platforms.ActiveCfg = Release|Win32
		{36BEB3EB-FB7A-46FE-8705-04ED3FD57E72}.Release|Mixed Platforms.Build.0 = Release|Win32
		{36BEB3EB-FB7A-46FE-8705-04ED3FD57E72}.Release|Win32.ActiveCfg = Release|Win32
		{36BEB3EB-FB7A-46FE-8705-04ED3FD57E72}.Release|Win32.Build.0 = Release|Win32
		{C627FE37-B744-49D3-819E-0728558B6248}.Debug|Any CPU.ActiveCfg = Debug|Win32
		{C627FE37-B744-49D3-819E-0728558B6248}.Debug|Mixed Platforms.ActiveCfg = Debug|Win32
		{C627FE37-B744-49D3-819E-0728558B6248}.Debug|Mixed Platforms.Build.0 = Debug|Win32
		{C627FE37-B744-49D3-819E-0728558B6248}.Debug|Win32.ActiveCfg = Debug|Win32
		{C627FE37-B744-49D3-819E-0728558B6248}.Debug|Win32.Build.0 = Debug|Win32
		{C627FE37-B744-49D3-819E-0728558B6248}.Release|Any CPU.ActiveCfg = Release|Win32
		{C627FE37-B744-49D3-819E-0728558B6248}.Release|Mixed Platforms.ActiveCfg = Release|Win32
		{C627FE37-B744-49D3-819E-0728558B6248}.Release|Mixed Platforms.Build.0 = Release|Win32
		{C627FE37-B744-49D3-819E-0728558B6248}.Release|Win32.ActiveCfg = Release|Win32
		{C627FE37-B744-49D3-819E-0728558B6248}.Release|Win32.Build.0 = Release|Win32
		{A33599AE-B5B7-4805-980F-D15C8CD2C905}.Debug|Any CPU.ActiveCfg = Debug|Win32
		{A33599AE-B5B7-4805-980F-D15C8CD2C905}.Debug|Mixed Platforms.ActiveCfg = Debug|Win32
		{A33599AE-B5B7-4805-980F-D15C8CD2C905}.Debug|Mixed Platforms.Build.0 = Debug|Win32
		{A33599AE-B5B7-4805-980F-D15C8CD2C905}.Debug|Win32.ActiveCfg = Debug|Win32
		{A33599AE-B5B7-4805-980F-D15C8CD2C905}.Debug|Win32.Build.0 = Debug|Win32
		{A33599AE-B5B7-4805-980F-D15C8CD2C905}.Release|Any CPU.ActiveCfg = Release|Win32
		{A33599AE-B5B7-4805-980F-D15C8CD2C905}.Release|Mixed Platforms.ActiveCfg = Release|Win32
		{A33599AE-B5B7-4805-980F-D15C8CD2C905}.Release|Mixed Platforms.Build.0 = Release|Win32
		{A33599AE-B5B7-4805-980F-D15C8CD2C905}.Release|Win32.ActiveCfg = Release|Win32
		{A33599AE-B5B7-4805-980F-D15C8CD2C905}.Release|Win32.Build.0 = Release|Win32
	EndGlobalSection
	GlobalSection(SolutionProperties) = preSolution
		HideSolutionNode = FALSE
	EndGlobalSection
	GlobalSection(NestedProjects) = preSolution
		{E2EE27E4-CFF1-4037-B080-6A58A8EA7F06} = {742F13C3-08C5-4D93-B9A7-092FC479AAFA}
		{9F446E31-6E48-4DA9-AC83-596623E8AE16} = {742F13C3-08C5-4D93-B9A7-092FC479AAFA}
		{297B84F7-DB12-495B-A6F3-08A77EAB5A58} = {742F13C3-08C5-4D93-B9A7-092FC479AAFA}
		{C543E4E8-101A-4A1C-99E9-870236A3A52B} = {742F13C3-08C5-4D93-B9A7-092FC479AAFA}
		{4FBA248E-4616-4E78-8BBF-981F7B52FAE9} = {742F13C3-08C5-4D93-B9A7-092FC479AAFA}
		{F7E8DF4F-979F-466C-BF80-9608AD775DA5} = {742F13C3-08C5-4D93-B9A7-092FC479AAFA}
		{797C558A-9EFB-42EC-9CBF-5579DBDF387C} = {742F13C3-08C5-4D93-B9A7-092FC479AAFA}
	EndGlobalSection
EndGlobal
