
Microsoft Visual Studio Solution File, Format Version 12.00
# Visual Studio 2013
VisualStudioVersion = 12.0.21005.1
MinimumVisualStudioVersion = 10.0.40219.1
Project("{8BC9CEB8-8B4A-11D0-8D11-00A0C91BC942}") = "2-1", "..\2-1\2-1.vcxproj", "{BED43566-4409-484A-B7C3-6081B8E36991}"
EndProject
Project("{8BC9CEB8-8B4A-11D0-8D11-00A0C91BC942}") = "2-2", "..\2-2\2-2.vcxproj", "{E28D5F1F-27CD-46B7-8A82-5102E226AA8B}"
EndProject
Project("{8BC9CEB8-8B4A-11D0-8D11-00A0C91BC942}") = "2-3", "..\2-3\2-3.vcxproj", "{E8247189-FADA-458F-B114-249D0A9DAB46}"
EndProject
Project("{8BC9CEB8-8B4A-11D0-8D11-00A0C91BC942}") = "2-4", "..\2-4\2-4.vcxproj", "{927D5635-B429-4225-A0B9-1E040BC07F10}"
EndProject
Project("{8BC9CEB8-8B4A-11D0-8D11-00A0C91BC942}") = "2-5", "..\2-5\2-5.vcxproj", "{A6405331-4D45-41EE-BF76-71EE6B5B4729}"
EndProject
Global
	GlobalSection(SolutionConfigurationPlatforms) = preSolution
		Debug|Win32 = Debug|Win32
		Release|Win32 = Release|Win32
	EndGlobalSection
	GlobalSection(ProjectConfigurationPlatforms) = postSolution
		{BED43566-4409-484A-B7C3-6081B8E36991}.Debug|Win32.ActiveCfg = Debug|Win32
		{BED43566-4409-484A-B7C3-6081B8E36991}.Debug|Win32.Build.0 = Debug|Win32
		{BED43566-4409-484A-B7C3-6081B8E36991}.Release|Win32.ActiveCfg = Release|Win32
		{BED43566-4409-484A-B7C3-6081B8E36991}.Release|Win32.Build.0 = Release|Win32
		{E28D5F1F-27CD-46B7-8A82-5102E226AA8B}.Debug|Win32.ActiveCfg = Debug|Win32
		{E28D5F1F-27CD-46B7-8A82-5102E226AA8B}.Debug|Win32.Build.0 = Debug|Win32
		{E28D5F1F-27CD-46B7-8A82-5102E226AA8B}.Release|Win32.ActiveCfg = Release|Win32
		{E28D5F1F-27CD-46B7-8A82-5102E226AA8B}.Release|Win32.Build.0 = Release|Win32
		{E8247189-FADA-458F-B114-249D0A9DAB46}.Debug|Win32.ActiveCfg = Debug|Win32
		{E8247189-FADA-458F-B114-249D0A9DAB46}.Debug|Win32.Build.0 = Debug|Win32
		{E8247189-FADA-458F-B114-249D0A9DAB46}.Release|Win32.ActiveCfg = Release|Win32
		{E8247189-FADA-458F-B114-249D0A9DAB46}.Release|Win32.Build.0 = Release|Win32
		{927D5635-B429-4225-A0B9-1E040BC07F10}.Debug|Win32.ActiveCfg = Debug|Win32
		{927D5635-B429-4225-A0B9-1E040BC07F10}.Debug|Win32.Build.0 = Debug|Win32
		{927D5635-B429-4225-A0B9-1E040BC07F10}.Release|Win32.ActiveCfg = Release|Win32
		{927D5635-B429-4225-A0B9-1E040BC07F10}.Release|Win32.Build.0 = Release|Win32
		{A6405331-4D45-41EE-BF76-71EE6B5B4729}.Debug|Win32.ActiveCfg = Debug|Win32
		{A6405331-4D45-41EE-BF76-71EE6B5B4729}.Debug|Win32.Build.0 = Debug|Win32
		{A6405331-4D45-41EE-BF76-71EE6B5B4729}.Release|Win32.ActiveCfg = Release|Win32
		{A6405331-4D45-41EE-BF76-71EE6B5B4729}.Release|Win32.Build.0 = Release|Win32
	EndGlobalSection
	GlobalSection(SolutionProperties) = preSolution
		HideSolutionNode = FALSE
	EndGlobalSection
EndGlobal
