
Microsoft Visual Studio Solution File, Format Version 12.00
# Visual Studio 2013
VisualStudioVersion = 12.0.30110.0
MinimumVisualStudioVersion = 10.0.40219.1
Project("{8BC9CEB8-8B4A-11D0-8D11-00A0C91BC942}") = "CPL", "CPL\CPL.vcxproj", "{7818BF90-A7CB-487E-94CB-1B95FC19D901}"
EndProject
Project("{8BC9CEB8-8B4A-11D0-8D11-00A0C91BC942}") = "1.1t", "1.1t\1.1t.vcxproj", "{594B8AE3-E7F4-47CE-A4F8-CE3462AEE126}"
EndProject
Project("{8BC9CEB8-8B4A-11D0-8D11-00A0C91BC942}") = "2.1t", "2.1t\2.1t.vcxproj", "{7E35FF43-AFB5-451A-8B96-98D4F5E9C32B}"
EndProject
Project("{8BC9CEB8-8B4A-11D0-8D11-00A0C91BC942}") = "2.2t", "2.2t\2.2t.vcxproj", "{F424A05A-4066-4A2E-8995-9337458791A2}"
EndProject
Project("{8BC9CEB8-8B4A-11D0-8D11-00A0C91BC942}") = "2.3t", "2.3t\2.3t.vcxproj", "{4AAEFB04-D678-4608-88C7-88A9D64560F0}"
EndProject
Project("{8BC9CEB8-8B4A-11D0-8D11-00A0C91BC942}") = "3.1t", "3.1t\3.1t.vcxproj", "{8EB589BC-BB63-481A-ADF0-8824D857E5D6}"
EndProject
Project("{8BC9CEB8-8B4A-11D0-8D11-00A0C91BC942}") = "3.2t", "3.2t\3.2t.vcxproj", "{F7F4360E-C20B-4910-8EF4-74FC4D0ACA07}"
EndProject
Project("{8BC9CEB8-8B4A-11D0-8D11-00A0C91BC942}") = "4.1t", "4.1t\4.1t.vcxproj", "{4E66C448-F4CD-43F7-95AF-908D4CC08598}"
EndProject
Project("{8BC9CEB8-8B4A-11D0-8D11-00A0C91BC942}") = "test", "test\test.vcxproj", "{8CC79B63-94F8-491F-9BE5-FDB81F7DA710}"
EndProject
Project("{8BC9CEB8-8B4A-11D0-8D11-00A0C91BC942}") = "4.2t", "4.2t\4.2t.vcxproj", "{BFBE0796-314C-4986-9518-462FC4346AE3}"
EndProject
Global
	GlobalSection(SolutionConfigurationPlatforms) = preSolution
		Debug|Win32 = Debug|Win32
		Release|Win32 = Release|Win32
	EndGlobalSection
	GlobalSection(ProjectConfigurationPlatforms) = postSolution
		{7818BF90-A7CB-487E-94CB-1B95FC19D901}.Debug|Win32.ActiveCfg = Debug|Win32
		{7818BF90-A7CB-487E-94CB-1B95FC19D901}.Debug|Win32.Build.0 = Debug|Win32
		{7818BF90-A7CB-487E-94CB-1B95FC19D901}.Release|Win32.ActiveCfg = Release|Win32
		{7818BF90-A7CB-487E-94CB-1B95FC19D901}.Release|Win32.Build.0 = Release|Win32
		{594B8AE3-E7F4-47CE-A4F8-CE3462AEE126}.Debug|Win32.ActiveCfg = Debug|Win32
		{594B8AE3-E7F4-47CE-A4F8-CE3462AEE126}.Debug|Win32.Build.0 = Debug|Win32
		{594B8AE3-E7F4-47CE-A4F8-CE3462AEE126}.Release|Win32.ActiveCfg = Release|Win32
		{594B8AE3-E7F4-47CE-A4F8-CE3462AEE126}.Release|Win32.Build.0 = Release|Win32
		{7E35FF43-AFB5-451A-8B96-98D4F5E9C32B}.Debug|Win32.ActiveCfg = Debug|Win32
		{7E35FF43-AFB5-451A-8B96-98D4F5E9C32B}.Debug|Win32.Build.0 = Debug|Win32
		{7E35FF43-AFB5-451A-8B96-98D4F5E9C32B}.Release|Win32.ActiveCfg = Release|Win32
		{7E35FF43-AFB5-451A-8B96-98D4F5E9C32B}.Release|Win32.Build.0 = Release|Win32
		{F424A05A-4066-4A2E-8995-9337458791A2}.Debug|Win32.ActiveCfg = Debug|Win32
		{F424A05A-4066-4A2E-8995-9337458791A2}.Debug|Win32.Build.0 = Debug|Win32
		{F424A05A-4066-4A2E-8995-9337458791A2}.Release|Win32.ActiveCfg = Release|Win32
		{F424A05A-4066-4A2E-8995-9337458791A2}.Release|Win32.Build.0 = Release|Win32
		{4AAEFB04-D678-4608-88C7-88A9D64560F0}.Debug|Win32.ActiveCfg = Debug|Win32
		{4AAEFB04-D678-4608-88C7-88A9D64560F0}.Debug|Win32.Build.0 = Debug|Win32
		{4AAEFB04-D678-4608-88C7-88A9D64560F0}.Release|Win32.ActiveCfg = Release|Win32
		{4AAEFB04-D678-4608-88C7-88A9D64560F0}.Release|Win32.Build.0 = Release|Win32
		{8EB589BC-BB63-481A-ADF0-8824D857E5D6}.Debug|Win32.ActiveCfg = Debug|Win32
		{8EB589BC-BB63-481A-ADF0-8824D857E5D6}.Debug|Win32.Build.0 = Debug|Win32
		{8EB589BC-BB63-481A-ADF0-8824D857E5D6}.Release|Win32.ActiveCfg = Release|Win32
		{8EB589BC-BB63-481A-ADF0-8824D857E5D6}.Release|Win32.Build.0 = Release|Win32
		{F7F4360E-C20B-4910-8EF4-74FC4D0ACA07}.Debug|Win32.ActiveCfg = Debug|Win32
		{F7F4360E-C20B-4910-8EF4-74FC4D0ACA07}.Debug|Win32.Build.0 = Debug|Win32
		{F7F4360E-C20B-4910-8EF4-74FC4D0ACA07}.Release|Win32.ActiveCfg = Release|Win32
		{F7F4360E-C20B-4910-8EF4-74FC4D0ACA07}.Release|Win32.Build.0 = Release|Win32
		{4E66C448-F4CD-43F7-95AF-908D4CC08598}.Debug|Win32.ActiveCfg = Debug|Win32
		{4E66C448-F4CD-43F7-95AF-908D4CC08598}.Debug|Win32.Build.0 = Debug|Win32
		{4E66C448-F4CD-43F7-95AF-908D4CC08598}.Release|Win32.ActiveCfg = Release|Win32
		{4E66C448-F4CD-43F7-95AF-908D4CC08598}.Release|Win32.Build.0 = Release|Win32
		{8CC79B63-94F8-491F-9BE5-FDB81F7DA710}.Debug|Win32.ActiveCfg = Debug|Win32
		{8CC79B63-94F8-491F-9BE5-FDB81F7DA710}.Debug|Win32.Build.0 = Debug|Win32
		{8CC79B63-94F8-491F-9BE5-FDB81F7DA710}.Release|Win32.ActiveCfg = Release|Win32
		{8CC79B63-94F8-491F-9BE5-FDB81F7DA710}.Release|Win32.Build.0 = Release|Win32
		{BFBE0796-314C-4986-9518-462FC4346AE3}.Debug|Win32.ActiveCfg = Debug|Win32
		{BFBE0796-314C-4986-9518-462FC4346AE3}.Debug|Win32.Build.0 = Debug|Win32
		{BFBE0796-314C-4986-9518-462FC4346AE3}.Release|Win32.ActiveCfg = Release|Win32
		{BFBE0796-314C-4986-9518-462FC4346AE3}.Release|Win32.Build.0 = Release|Win32
	EndGlobalSection
	GlobalSection(SolutionProperties) = preSolution
		HideSolutionNode = FALSE
	EndGlobalSection
EndGlobal
