
Microsoft Visual Studio Solution File, Format Version 12.00
# Visual Studio 2013
VisualStudioVersion = 12.0.30110.0
MinimumVisualStudioVersion = 10.0.40219.1
Project("{8BC9CEB8-8B4A-11D0-8D11-00A0C91BC942}") = "CPL", "CPL\CPL.vcxproj", "{7818BF90-A7CB-487E-94CB-1B95FC19D901}"
EndProject
Project("{8BC9CEB8-8B4A-11D0-8D11-00A0C91BC942}") = "1.1t", "1.1t\1.1t.vcxproj", "{594B8AE3-E7F4-47CE-A4F8-CE3462AEE126}"
EndProject
Project("{8BC9CEB8-8B4A-11D0-8D11-00A0C91BC942}") = "2.1t", "2.1t\2.1t.vcxproj", "{7E35FF43-AFB5-451A-8B96-98D4F5E9C32B}"
EndProject
Project("{8BC9CEB8-8B4A-11D0-8D11-00A0C91BC942}") = "2.2t", "2.2t\2.2t.vcxproj", "{F424A05A-4066-4A2E-8995-9337458791A2}"
EndProject
Project("{8BC9CEB8-8B4A-11D0-8D11-00A0C91BC942}") = "2.3t", "2.3t\2.3t.vcxproj", "{4AAEFB04-D678-4608-88C7-88A9D64560F0}"
EndProject
Project("{8BC9CEB8-8B4A-11D0-8D11-00A0C91BC942}") = "3.1t", "3.1t\3.1t.vcxproj", "{8EB589BC-BB63-481A-ADF0-8824D857E5D6}"
EndProject
Project("{8BC9CEB8-8B4A-11D0-8D11-00A0C91BC942}") = "3.2t", "3.2t\3.2t.vcxproj", "{F7F4360E-C20B-4910-8EF4-74FC4D0ACA07}"
EndProject
Project("{8BC9CEB8-8B4A-11D0-8D11-00A0C91BC942}") = "4.1t", "4.1t\4.1t.vcxproj", "{4E66C448-F4CD-43F7-95AF-908D4CC08598}"
EndProject
Project("{8BC9CEB8-8B4A-11D0-8D11-00A0C91BC942}") = "String", "test\test.vcxproj", "{8CC79B63-94F8-491F-9BE5-FDB81F7DA710}"
EndProject
Project("{8BC9CEB8-8B4A-11D0-8D11-00A0C91BC942}") = "4.2t", "4.2t\4.2t.vcxproj", "{BFBE0796-314C-4986-9518-462FC4346AE3}"
EndProject
Project("{8BC9CEB8-8B4A-11D0-8D11-00A0C91BC942}") = "4.3t", "4.3t\4.3t.vcxproj", "{9D0A0871-8300-4588-ACDC-3B0019A826BB}"
EndProject
Project("{8BC9CEB8-8B4A-11D0-8D11-00A0C91BC942}") = "5.1t", "5.1t\5.1t.vcxproj", "{11C58849-84F9-4178-A4E8-E6581B0BAA61}"
EndProject
Project("{8BC9CEB8-8B4A-11D0-8D11-00A0C91BC942}") = "5.2t", "5.2t\5.2t.vcxproj", "{C600543F-BA98-4252-821B-697404CDCA76}"
EndProject
Project("{8BC9CEB8-8B4A-11D0-8D11-00A0C91BC942}") = "5.3t", "5.3t\5.3t.vcxproj", "{5236BF34-EB91-4EC1-BDD1-5EE460697E1E}"
EndProject
Project("{8BC9CEB8-8B4A-11D0-8D11-00A0C91BC942}") = "5.4t", "5.4t\5.4t.vcxproj", "{BA943B79-248D-4B99-A9F7-941698A9D778}"
EndProject
Project("{FAE04EC0-301F-11D3-BF4B-00C04F79EFBC}") = "testfloatCS", "testfloatCS\testfloatCS.csproj", "{13851405-CDE6-4F63-847C-431CA4683C87}"
EndProject
Project("{8BC9CEB8-8B4A-11D0-8D11-00A0C91BC942}") = "testfloatCPP", "testfloatCPP\testfloatCPP.vcxproj", "{DEDD07CB-E7B3-4485-BBAC-DA61D768F169}"
EndProject
Project("{8BC9CEB8-8B4A-11D0-8D11-00A0C91BC942}") = "6.1t", "6.1t\6.1t.vcxproj", "{5CB5C50A-CA8F-4866-81F5-CF63DB16A181}"
EndProject
Global
	GlobalSection(SolutionConfigurationPlatforms) = preSolution
		Debug|Any CPU = Debug|Any CPU
		Debug|Mixed Platforms = Debug|Mixed Platforms
		Debug|Win32 = Debug|Win32
		Debug|x64 = Debug|x64
		Release|Any CPU = Release|Any CPU
		Release|Mixed Platforms = Release|Mixed Platforms
		Release|Win32 = Release|Win32
		Release|x64 = Release|x64
	EndGlobalSection
	GlobalSection(ProjectConfigurationPlatforms) = postSolution
		{7818BF90-A7CB-487E-94CB-1B95FC19D901}.Debug|Any CPU.ActiveCfg = Debug|Win32
		{7818BF90-A7CB-487E-94CB-1B95FC19D901}.Debug|Mixed Platforms.ActiveCfg = Debug|Win32
		{7818BF90-A7CB-487E-94CB-1B95FC19D901}.Debug|Mixed Platforms.Build.0 = Debug|Win32
		{7818BF90-A7CB-487E-94CB-1B95FC19D901}.Debug|Win32.ActiveCfg = Debug|Win32
		{7818BF90-A7CB-487E-94CB-1B95FC19D901}.Debug|Win32.Build.0 = Debug|Win32
		{7818BF90-A7CB-487E-94CB-1B95FC19D901}.Debug|x64.ActiveCfg = Debug|Win32
		{7818BF90-A7CB-487E-94CB-1B95FC19D901}.Release|Any CPU.ActiveCfg = Release|Win32
		{7818BF90-A7CB-487E-94CB-1B95FC19D901}.Release|Mixed Platforms.ActiveCfg = Release|Win32
		{7818BF90-A7CB-487E-94CB-1B95FC19D901}.Release|Mixed Platforms.Build.0 = Release|Win32
		{7818BF90-A7CB-487E-94CB-1B95FC19D901}.Release|Win32.ActiveCfg = Release|Win32
		{7818BF90-A7CB-487E-94CB-1B95FC19D901}.Release|Win32.Build.0 = Release|Win32
		{7818BF90-A7CB-487E-94CB-1B95FC19D901}.Release|x64.ActiveCfg = Release|Win32
		{594B8AE3-E7F4-47CE-A4F8-CE3462AEE126}.Debug|Any CPU.ActiveCfg = Debug|Win32
		{594B8AE3-E7F4-47CE-A4F8-CE3462AEE126}.Debug|Mixed Platforms.ActiveCfg = Debug|Win32
		{594B8AE3-E7F4-47CE-A4F8-CE3462AEE126}.Debug|Mixed Platforms.Build.0 = Debug|Win32
		{594B8AE3-E7F4-47CE-A4F8-CE3462AEE126}.Debug|Win32.ActiveCfg = Debug|Win32
		{594B8AE3-E7F4-47CE-A4F8-CE3462AEE126}.Debug|Win32.Build.0 = Debug|Win32
		{594B8AE3-E7F4-47CE-A4F8-CE3462AEE126}.Debug|x64.ActiveCfg = Debug|Win32
		{594B8AE3-E7F4-47CE-A4F8-CE3462AEE126}.Release|Any CPU.ActiveCfg = Release|Win32
		{594B8AE3-E7F4-47CE-A4F8-CE3462AEE126}.Release|Mixed Platforms.ActiveCfg = Release|Win32
		{594B8AE3-E7F4-47CE-A4F8-CE3462AEE126}.Release|Mixed Platforms.Build.0 = Release|Win32
		{594B8AE3-E7F4-47CE-A4F8-CE3462AEE126}.Release|Win32.ActiveCfg = Release|Win32
		{594B8AE3-E7F4-47CE-A4F8-CE3462AEE126}.Release|Win32.Build.0 = Release|Win32
		{594B8AE3-E7F4-47CE-A4F8-CE3462AEE126}.Release|x64.ActiveCfg = Release|Win32
		{7E35FF43-AFB5-451A-8B96-98D4F5E9C32B}.Debug|Any CPU.ActiveCfg = Debug|Win32
		{7E35FF43-AFB5-451A-8B96-98D4F5E9C32B}.Debug|Mixed Platforms.ActiveCfg = Debug|Win32
		{7E35FF43-AFB5-451A-8B96-98D4F5E9C32B}.Debug|Mixed Platforms.Build.0 = Debug|Win32
		{7E35FF43-AFB5-451A-8B96-98D4F5E9C32B}.Debug|Win32.ActiveCfg = Debug|Win32
		{7E35FF43-AFB5-451A-8B96-98D4F5E9C32B}.Debug|Win32.Build.0 = Debug|Win32
		{7E35FF43-AFB5-451A-8B96-98D4F5E9C32B}.Debug|x64.ActiveCfg = Debug|Win32
		{7E35FF43-AFB5-451A-8B96-98D4F5E9C32B}.Release|Any CPU.ActiveCfg = Release|Win32
		{7E35FF43-AFB5-451A-8B96-98D4F5E9C32B}.Release|Mixed Platforms.ActiveCfg = Release|Win32
		{7E35FF43-AFB5-451A-8B96-98D4F5E9C32B}.Release|Mixed Platforms.Build.0 = Release|Win32
		{7E35FF43-AFB5-451A-8B96-98D4F5E9C32B}.Release|Win32.ActiveCfg = Release|Win32
		{7E35FF43-AFB5-451A-8B96-98D4F5E9C32B}.Release|Win32.Build.0 = Release|Win32
		{7E35FF43-AFB5-451A-8B96-98D4F5E9C32B}.Release|x64.ActiveCfg = Release|Win32
		{F424A05A-4066-4A2E-8995-9337458791A2}.Debug|Any CPU.ActiveCfg = Debug|Win32
		{F424A05A-4066-4A2E-8995-9337458791A2}.Debug|Mixed Platforms.ActiveCfg = Debug|Win32
		{F424A05A-4066-4A2E-8995-9337458791A2}.Debug|Mixed Platforms.Build.0 = Debug|Win32
		{F424A05A-4066-4A2E-8995-9337458791A2}.Debug|Win32.ActiveCfg = Debug|Win32
		{F424A05A-4066-4A2E-8995-9337458791A2}.Debug|Win32.Build.0 = Debug|Win32
		{F424A05A-4066-4A2E-8995-9337458791A2}.Debug|x64.ActiveCfg = Debug|Win32
		{F424A05A-4066-4A2E-8995-9337458791A2}.Release|Any CPU.ActiveCfg = Release|Win32
		{F424A05A-4066-4A2E-8995-9337458791A2}.Release|Mixed Platforms.ActiveCfg = Release|Win32
		{F424A05A-4066-4A2E-8995-9337458791A2}.Release|Mixed Platforms.Build.0 = Release|Win32
		{F424A05A-4066-4A2E-8995-9337458791A2}.Release|Win32.ActiveCfg = Release|Win32
		{F424A05A-4066-4A2E-8995-9337458791A2}.Release|Win32.Build.0 = Release|Win32
		{F424A05A-4066-4A2E-8995-9337458791A2}.Release|x64.ActiveCfg = Release|Win32
		{4AAEFB04-D678-4608-88C7-88A9D64560F0}.Debug|Any CPU.ActiveCfg = Debug|Win32
		{4AAEFB04-D678-4608-88C7-88A9D64560F0}.Debug|Mixed Platforms.ActiveCfg = Debug|Win32
		{4AAEFB04-D678-4608-88C7-88A9D64560F0}.Debug|Mixed Platforms.Build.0 = Debug|Win32
		{4AAEFB04-D678-4608-88C7-88A9D64560F0}.Debug|Win32.ActiveCfg = Debug|Win32
		{4AAEFB04-D678-4608-88C7-88A9D64560F0}.Debug|Win32.Build.0 = Debug|Win32
		{4AAEFB04-D678-4608-88C7-88A9D64560F0}.Debug|x64.ActiveCfg = Debug|Win32
		{4AAEFB04-D678-4608-88C7-88A9D64560F0}.Release|Any CPU.ActiveCfg = Release|Win32
		{4AAEFB04-D678-4608-88C7-88A9D64560F0}.Release|Mixed Platforms.ActiveCfg = Release|Win32
		{4AAEFB04-D678-4608-88C7-88A9D64560F0}.Release|Mixed Platforms.Build.0 = Release|Win32
		{4AAEFB04-D678-4608-88C7-88A9D64560F0}.Release|Win32.ActiveCfg = Release|Win32
		{4AAEFB04-D678-4608-88C7-88A9D64560F0}.Release|Win32.Build.0 = Release|Win32
		{4AAEFB04-D678-4608-88C7-88A9D64560F0}.Release|x64.ActiveCfg = Release|Win32
		{8EB589BC-BB63-481A-ADF0-8824D857E5D6}.Debug|Any CPU.ActiveCfg = Debug|Win32
		{8EB589BC-BB63-481A-ADF0-8824D857E5D6}.Debug|Mixed Platforms.ActiveCfg = Debug|Win32
		{8EB589BC-BB63-481A-ADF0-8824D857E5D6}.Debug|Mixed Platforms.Build.0 = Debug|Win32
		{8EB589BC-BB63-481A-ADF0-8824D857E5D6}.Debug|Win32.ActiveCfg = Debug|Win32
		{8EB589BC-BB63-481A-ADF0-8824D857E5D6}.Debug|Win32.Build.0 = Debug|Win32
		{8EB589BC-BB63-481A-ADF0-8824D857E5D6}.Debug|x64.ActiveCfg = Debug|Win32
		{8EB589BC-BB63-481A-ADF0-8824D857E5D6}.Release|Any CPU.ActiveCfg = Release|Win32
		{8EB589BC-BB63-481A-ADF0-8824D857E5D6}.Release|Mixed Platforms.ActiveCfg = Release|Win32
		{8EB589BC-BB63-481A-ADF0-8824D857E5D6}.Release|Mixed Platforms.Build.0 = Release|Win32
		{8EB589BC-BB63-481A-ADF0-8824D857E5D6}.Release|Win32.ActiveCfg = Release|Win32
		{8EB589BC-BB63-481A-ADF0-8824D857E5D6}.Release|Win32.Build.0 = Release|Win32
		{8EB589BC-BB63-481A-ADF0-8824D857E5D6}.Release|x64.ActiveCfg = Release|Win32
		{F7F4360E-C20B-4910-8EF4-74FC4D0ACA07}.Debug|Any CPU.ActiveCfg = Debug|Win32
		{F7F4360E-C20B-4910-8EF4-74FC4D0ACA07}.Debug|Mixed Platforms.ActiveCfg = Debug|Win32
		{F7F4360E-C20B-4910-8EF4-74FC4D0ACA07}.Debug|Mixed Platforms.Build.0 = Debug|Win32
		{F7F4360E-C20B-4910-8EF4-74FC4D0ACA07}.Debug|Win32.ActiveCfg = Debug|Win32
		{F7F4360E-C20B-4910-8EF4-74FC4D0ACA07}.Debug|Win32.Build.0 = Debug|Win32
		{F7F4360E-C20B-4910-8EF4-74FC4D0ACA07}.Debug|x64.ActiveCfg = Debug|Win32
		{F7F4360E-C20B-4910-8EF4-74FC4D0ACA07}.Release|Any CPU.ActiveCfg = Release|Win32
		{F7F4360E-C20B-4910-8EF4-74FC4D0ACA07}.Release|Mixed Platforms.ActiveCfg = Release|Win32
		{F7F4360E-C20B-4910-8EF4-74FC4D0ACA07}.Release|Mixed Platforms.Build.0 = Release|Win32
		{F7F4360E-C20B-4910-8EF4-74FC4D0ACA07}.Release|Win32.ActiveCfg = Release|Win32
		{F7F4360E-C20B-4910-8EF4-74FC4D0ACA07}.Release|Win32.Build.0 = Release|Win32
		{F7F4360E-C20B-4910-8EF4-74FC4D0ACA07}.Release|x64.ActiveCfg = Release|Win32
		{4E66C448-F4CD-43F7-95AF-908D4CC08598}.Debug|Any CPU.ActiveCfg = Debug|Win32
		{4E66C448-F4CD-43F7-95AF-908D4CC08598}.Debug|Mixed Platforms.ActiveCfg = Debug|Win32
		{4E66C448-F4CD-43F7-95AF-908D4CC08598}.Debug|Mixed Platforms.Build.0 = Debug|Win32
		{4E66C448-F4CD-43F7-95AF-908D4CC08598}.Debug|Win32.ActiveCfg = Debug|Win32
		{4E66C448-F4CD-43F7-95AF-908D4CC08598}.Debug|Win32.Build.0 = Debug|Win32
		{4E66C448-F4CD-43F7-95AF-908D4CC08598}.Debug|x64.ActiveCfg = Debug|Win32
		{4E66C448-F4CD-43F7-95AF-908D4CC08598}.Release|Any CPU.ActiveCfg = Release|Win32
		{4E66C448-F4CD-43F7-95AF-908D4CC08598}.Release|Mixed Platforms.ActiveCfg = Release|Win32
		{4E66C448-F4CD-43F7-95AF-908D4CC08598}.Release|Mixed Platforms.Build.0 = Release|Win32
		{4E66C448-F4CD-43F7-95AF-908D4CC08598}.Release|Win32.ActiveCfg = Release|Win32
		{4E66C448-F4CD-43F7-95AF-908D4CC08598}.Release|Win32.Build.0 = Release|Win32
		{4E66C448-F4CD-43F7-95AF-908D4CC08598}.Release|x64.ActiveCfg = Release|Win32
		{8CC79B63-94F8-491F-9BE5-FDB81F7DA710}.Debug|Any CPU.ActiveCfg = Debug|Win32
		{8CC79B63-94F8-491F-9BE5-FDB81F7DA710}.Debug|Mixed Platforms.ActiveCfg = Debug|Win32
		{8CC79B63-94F8-491F-9BE5-FDB81F7DA710}.Debug|Mixed Platforms.Build.0 = Debug|Win32
		{8CC79B63-94F8-491F-9BE5-FDB81F7DA710}.Debug|Win32.ActiveCfg = Debug|Win32
		{8CC79B63-94F8-491F-9BE5-FDB81F7DA710}.Debug|Win32.Build.0 = Debug|Win32
		{8CC79B63-94F8-491F-9BE5-FDB81F7DA710}.Debug|x64.ActiveCfg = Debug|Win32
		{8CC79B63-94F8-491F-9BE5-FDB81F7DA710}.Release|Any CPU.ActiveCfg = Release|Win32
		{8CC79B63-94F8-491F-9BE5-FDB81F7DA710}.Release|Mixed Platforms.ActiveCfg = Release|Win32
		{8CC79B63-94F8-491F-9BE5-FDB81F7DA710}.Release|Mixed Platforms.Build.0 = Release|Win32
		{8CC79B63-94F8-491F-9BE5-FDB81F7DA710}.Release|Win32.ActiveCfg = Release|Win32
		{8CC79B63-94F8-491F-9BE5-FDB81F7DA710}.Release|Win32.Build.0 = Release|Win32
		{8CC79B63-94F8-491F-9BE5-FDB81F7DA710}.Release|x64.ActiveCfg = Release|Win32
		{BFBE0796-314C-4986-9518-462FC4346AE3}.Debug|Any CPU.ActiveCfg = Debug|Win32
		{BFBE0796-314C-4986-9518-462FC4346AE3}.Debug|Mixed Platforms.ActiveCfg = Debug|Win32
		{BFBE0796-314C-4986-9518-462FC4346AE3}.Debug|Mixed Platforms.Build.0 = Debug|Win32
		{BFBE0796-314C-4986-9518-462FC4346AE3}.Debug|Win32.ActiveCfg = Debug|Win32
		{BFBE0796-314C-4986-9518-462FC4346AE3}.Debug|Win32.Build.0 = Debug|Win32
		{BFBE0796-314C-4986-9518-462FC4346AE3}.Debug|x64.ActiveCfg = Debug|Win32
		{BFBE0796-314C-4986-9518-462FC4346AE3}.Release|Any CPU.ActiveCfg = Release|Win32
		{BFBE0796-314C-4986-9518-462FC4346AE3}.Release|Mixed Platforms.ActiveCfg = Release|Win32
		{BFBE0796-314C-4986-9518-462FC4346AE3}.Release|Mixed Platforms.Build.0 = Release|Win32
		{BFBE0796-314C-4986-9518-462FC4346AE3}.Release|Win32.ActiveCfg = Release|Win32
		{BFBE0796-314C-4986-9518-462FC4346AE3}.Release|Win32.Build.0 = Release|Win32
		{BFBE0796-314C-4986-9518-462FC4346AE3}.Release|x64.ActiveCfg = Release|Win32
		{9D0A0871-8300-4588-ACDC-3B0019A826BB}.Debug|Any CPU.ActiveCfg = Debug|Win32
		{9D0A0871-8300-4588-ACDC-3B0019A826BB}.Debug|Mixed Platforms.ActiveCfg = Debug|Win32
		{9D0A0871-8300-4588-ACDC-3B0019A826BB}.Debug|Mixed Platforms.Build.0 = Debug|Win32
		{9D0A0871-8300-4588-ACDC-3B0019A826BB}.Debug|Win32.ActiveCfg = Debug|Win32
		{9D0A0871-8300-4588-ACDC-3B0019A826BB}.Debug|Win32.Build.0 = Debug|Win32
		{9D0A0871-8300-4588-ACDC-3B0019A826BB}.Debug|x64.ActiveCfg = Debug|Win32
		{9D0A0871-8300-4588-ACDC-3B0019A826BB}.Release|Any CPU.ActiveCfg = Release|Win32
		{9D0A0871-8300-4588-ACDC-3B0019A826BB}.Release|Mixed Platforms.ActiveCfg = Release|Win32
		{9D0A0871-8300-4588-ACDC-3B0019A826BB}.Release|Mixed Platforms.Build.0 = Release|Win32
		{9D0A0871-8300-4588-ACDC-3B0019A826BB}.Release|Win32.ActiveCfg = Release|Win32
		{9D0A0871-8300-4588-ACDC-3B0019A826BB}.Release|Win32.Build.0 = Release|Win32
		{9D0A0871-8300-4588-ACDC-3B0019A826BB}.Release|x64.ActiveCfg = Release|Win32
		{11C58849-84F9-4178-A4E8-E6581B0BAA61}.Debug|Any CPU.ActiveCfg = Debug|Win32
		{11C58849-84F9-4178-A4E8-E6581B0BAA61}.Debug|Mixed Platforms.ActiveCfg = Debug|Win32
		{11C58849-84F9-4178-A4E8-E6581B0BAA61}.Debug|Mixed Platforms.Build.0 = Debug|Win32
		{11C58849-84F9-4178-A4E8-E6581B0BAA61}.Debug|Win32.ActiveCfg = Debug|Win32
		{11C58849-84F9-4178-A4E8-E6581B0BAA61}.Debug|Win32.Build.0 = Debug|Win32
		{11C58849-84F9-4178-A4E8-E6581B0BAA61}.Debug|x64.ActiveCfg = Debug|Win32
		{11C58849-84F9-4178-A4E8-E6581B0BAA61}.Release|Any CPU.ActiveCfg = Release|Win32
		{11C58849-84F9-4178-A4E8-E6581B0BAA61}.Release|Mixed Platforms.ActiveCfg = Release|Win32
		{11C58849-84F9-4178-A4E8-E6581B0BAA61}.Release|Mixed Platforms.Build.0 = Release|Win32
		{11C58849-84F9-4178-A4E8-E6581B0BAA61}.Release|Win32.ActiveCfg = Release|Win32
		{11C58849-84F9-4178-A4E8-E6581B0BAA61}.Release|Win32.Build.0 = Release|Win32
		{11C58849-84F9-4178-A4E8-E6581B0BAA61}.Release|x64.ActiveCfg = Release|Win32
		{C600543F-BA98-4252-821B-697404CDCA76}.Debug|Any CPU.ActiveCfg = Debug|Win32
		{C600543F-BA98-4252-821B-697404CDCA76}.Debug|Mixed Platforms.ActiveCfg = Debug|Win32
		{C600543F-BA98-4252-821B-697404CDCA76}.Debug|Mixed Platforms.Build.0 = Debug|Win32
		{C600543F-BA98-4252-821B-697404CDCA76}.Debug|Win32.ActiveCfg = Debug|Win32
		{C600543F-BA98-4252-821B-697404CDCA76}.Debug|Win32.Build.0 = Debug|Win32
		{C600543F-BA98-4252-821B-697404CDCA76}.Debug|x64.ActiveCfg = Debug|Win32
		{C600543F-BA98-4252-821B-697404CDCA76}.Release|Any CPU.ActiveCfg = Release|Win32
		{C600543F-BA98-4252-821B-697404CDCA76}.Release|Mixed Platforms.ActiveCfg = Release|Win32
		{C600543F-BA98-4252-821B-697404CDCA76}.Release|Mixed Platforms.Build.0 = Release|Win32
		{C600543F-BA98-4252-821B-697404CDCA76}.Release|Win32.ActiveCfg = Release|Win32
		{C600543F-BA98-4252-821B-697404CDCA76}.Release|Win32.Build.0 = Release|Win32
		{C600543F-BA98-4252-821B-697404CDCA76}.Release|x64.ActiveCfg = Release|Win32
		{5236BF34-EB91-4EC1-BDD1-5EE460697E1E}.Debug|Any CPU.ActiveCfg = Debug|Win32
		{5236BF34-EB91-4EC1-BDD1-5EE460697E1E}.Debug|Mixed Platforms.ActiveCfg = Debug|Win32
		{5236BF34-EB91-4EC1-BDD1-5EE460697E1E}.Debug|Mixed Platforms.Build.0 = Debug|Win32
		{5236BF34-EB91-4EC1-BDD1-5EE460697E1E}.Debug|Win32.ActiveCfg = Debug|Win32
		{5236BF34-EB91-4EC1-BDD1-5EE460697E1E}.Debug|Win32.Build.0 = Debug|Win32
		{5236BF34-EB91-4EC1-BDD1-5EE460697E1E}.Debug|x64.ActiveCfg = Debug|Win32
		{5236BF34-EB91-4EC1-BDD1-5EE460697E1E}.Release|Any CPU.ActiveCfg = Release|Win32
		{5236BF34-EB91-4EC1-BDD1-5EE460697E1E}.Release|Mixed Platforms.ActiveCfg = Release|Win32
		{5236BF34-EB91-4EC1-BDD1-5EE460697E1E}.Release|Mixed Platforms.Build.0 = Release|Win32
		{5236BF34-EB91-4EC1-BDD1-5EE460697E1E}.Release|Win32.ActiveCfg = Release|Win32
		{5236BF34-EB91-4EC1-BDD1-5EE460697E1E}.Release|Win32.Build.0 = Release|Win32
		{5236BF34-EB91-4EC1-BDD1-5EE460697E1E}.Release|x64.ActiveCfg = Release|Win32
		{BA943B79-248D-4B99-A9F7-941698A9D778}.Debug|Any CPU.ActiveCfg = Debug|Win32
		{BA943B79-248D-4B99-A9F7-941698A9D778}.Debug|Mixed Platforms.ActiveCfg = Debug|Win32
		{BA943B79-248D-4B99-A9F7-941698A9D778}.Debug|Mixed Platforms.Build.0 = Debug|Win32
		{BA943B79-248D-4B99-A9F7-941698A9D778}.Debug|Win32.ActiveCfg = Debug|Win32
		{BA943B79-248D-4B99-A9F7-941698A9D778}.Debug|Win32.Build.0 = Debug|Win32
		{BA943B79-248D-4B99-A9F7-941698A9D778}.Debug|x64.ActiveCfg = Debug|Win32
		{BA943B79-248D-4B99-A9F7-941698A9D778}.Release|Any CPU.ActiveCfg = Release|Win32
		{BA943B79-248D-4B99-A9F7-941698A9D778}.Release|Mixed Platforms.ActiveCfg = Release|Win32
		{BA943B79-248D-4B99-A9F7-941698A9D778}.Release|Mixed Platforms.Build.0 = Release|Win32
		{BA943B79-248D-4B99-A9F7-941698A9D778}.Release|Win32.ActiveCfg = Release|Win32
		{BA943B79-248D-4B99-A9F7-941698A9D778}.Release|Win32.Build.0 = Release|Win32
		{BA943B79-248D-4B99-A9F7-941698A9D778}.Release|x64.ActiveCfg = Release|Win32
		{13851405-CDE6-4F63-847C-431CA4683C87}.Debug|Any CPU.ActiveCfg = Debug|Any CPU
		{13851405-CDE6-4F63-847C-431CA4683C87}.Debug|Any CPU.Build.0 = Debug|Any CPU
		{13851405-CDE6-4F63-847C-431CA4683C87}.Debug|Mixed Platforms.ActiveCfg = Debug|Any CPU
		{13851405-CDE6-4F63-847C-431CA4683C87}.Debug|Mixed Platforms.Build.0 = Debug|Any CPU
		{13851405-CDE6-4F63-847C-431CA4683C87}.Debug|Win32.ActiveCfg = Debug|Any CPU
		{13851405-CDE6-4F63-847C-431CA4683C87}.Debug|x64.ActiveCfg = Debug|Any CPU
		{13851405-CDE6-4F63-847C-431CA4683C87}.Release|Any CPU.ActiveCfg = Release|Any CPU
		{13851405-CDE6-4F63-847C-431CA4683C87}.Release|Any CPU.Build.0 = Release|Any CPU
		{13851405-CDE6-4F63-847C-431CA4683C87}.Release|Mixed Platforms.ActiveCfg = Release|Any CPU
		{13851405-CDE6-4F63-847C-431CA4683C87}.Release|Mixed Platforms.Build.0 = Release|Any CPU
		{13851405-CDE6-4F63-847C-431CA4683C87}.Release|Win32.ActiveCfg = Release|Any CPU
		{13851405-CDE6-4F63-847C-431CA4683C87}.Release|x64.ActiveCfg = Release|Any CPU
		{DEDD07CB-E7B3-4485-BBAC-DA61D768F169}.Debug|Any CPU.ActiveCfg = Debug|Win32
		{DEDD07CB-E7B3-4485-BBAC-DA61D768F169}.Debug|Mixed Platforms.ActiveCfg = Debug|Win32
		{DEDD07CB-E7B3-4485-BBAC-DA61D768F169}.Debug|Mixed Platforms.Build.0 = Debug|Win32
		{DEDD07CB-E7B3-4485-BBAC-DA61D768F169}.Debug|Win32.ActiveCfg = Debug|Win32
		{DEDD07CB-E7B3-4485-BBAC-DA61D768F169}.Debug|Win32.Build.0 = Debug|Win32
		{DEDD07CB-E7B3-4485-BBAC-DA61D768F169}.Debug|x64.ActiveCfg = Debug|x64
		{DEDD07CB-E7B3-4485-BBAC-DA61D768F169}.Debug|x64.Build.0 = Debug|x64
		{DEDD07CB-E7B3-4485-BBAC-DA61D768F169}.Release|Any CPU.ActiveCfg = Release|Win32
		{DEDD07CB-E7B3-4485-BBAC-DA61D768F169}.Release|Mixed Platforms.ActiveCfg = Release|Win32
		{DEDD07CB-E7B3-4485-BBAC-DA61D768F169}.Release|Mixed Platforms.Build.0 = Release|Win32
		{DEDD07CB-E7B3-4485-BBAC-DA61D768F169}.Release|Win32.ActiveCfg = Release|Win32
		{DEDD07CB-E7B3-4485-BBAC-DA61D768F169}.Release|Win32.Build.0 = Release|Win32
		{DEDD07CB-E7B3-4485-BBAC-DA61D768F169}.Release|x64.ActiveCfg = Release|x64
		{DEDD07CB-E7B3-4485-BBAC-DA61D768F169}.Release|x64.Build.0 = Release|x64
		{5CB5C50A-CA8F-4866-81F5-CF63DB16A181}.Debug|Any CPU.ActiveCfg = Debug|Win32
		{5CB5C50A-CA8F-4866-81F5-CF63DB16A181}.Debug|Mixed Platforms.ActiveCfg = Debug|Win32
		{5CB5C50A-CA8F-4866-81F5-CF63DB16A181}.Debug|Mixed Platforms.Build.0 = Debug|Win32
		{5CB5C50A-CA8F-4866-81F5-CF63DB16A181}.Debug|Win32.ActiveCfg = Debug|Win32
		{5CB5C50A-CA8F-4866-81F5-CF63DB16A181}.Debug|Win32.Build.0 = Debug|Win32
		{5CB5C50A-CA8F-4866-81F5-CF63DB16A181}.Debug|x64.ActiveCfg = Debug|Win32
		{5CB5C50A-CA8F-4866-81F5-CF63DB16A181}.Release|Any CPU.ActiveCfg = Release|Win32
		{5CB5C50A-CA8F-4866-81F5-CF63DB16A181}.Release|Mixed Platforms.ActiveCfg = Release|Win32
		{5CB5C50A-CA8F-4866-81F5-CF63DB16A181}.Release|Mixed Platforms.Build.0 = Release|Win32
		{5CB5C50A-CA8F-4866-81F5-CF63DB16A181}.Release|Win32.ActiveCfg = Release|Win32
		{5CB5C50A-CA8F-4866-81F5-CF63DB16A181}.Release|Win32.Build.0 = Release|Win32
		{5CB5C50A-CA8F-4866-81F5-CF63DB16A181}.Release|x64.ActiveCfg = Release|Win32
	EndGlobalSection
	GlobalSection(SolutionProperties) = preSolution
		HideSolutionNode = FALSE
	EndGlobalSection
EndGlobal
